
Microsoft Visual Studio Solution File, Format Version 12.00
# Visual Studio Version 17
VisualStudioVersion = 17.10.35004.147
MinimumVisualStudioVersion = 10.0.40219.1
Project("{FAE04EC0-301F-11D3-BF4B-00C04F79EFBC}") = "DZ_ParallelLINQ", "DZ_ParallelLINQ.csproj", "{01BE9D51-D0F0-4723-B6CA-A0F1716298E8}"
EndProject
Global
	GlobalSection(SolutionConfigurationPlatforms) = preSolution
		Debug|Any CPU = Debug|Any CPU
		Release|Any CPU = Release|Any CPU
	EndGlobalSection
	GlobalSection(ProjectConfigurationPlatforms) = postSolution
		{01BE9D51-D0F0-4723-B6CA-A0F1716298E8}.Debug|Any CPU.ActiveCfg = Debug|Any CPU
		{01BE9D51-D0F0-4723-B6CA-A0F1716298E8}.Debug|Any CPU.Build.0 = Debug|Any CPU
		{01BE9D51-D0F0-4723-B6CA-A0F1716298E8}.Release|Any CPU.ActiveCfg = Release|Any CPU
		{01BE9D51-D0F0-4723-B6CA-A0F1716298E8}.Release|Any CPU.Build.0 = Release|Any CPU
	EndGlobalSection
	GlobalSection(SolutionProperties) = preSolution
		HideSolutionNode = FALSE
	EndGlobalSection
	GlobalSection(ExtensibilityGlobals) = postSolution
		SolutionGuid = {0B6379BA-41C9-4406-B058-02857304D904}
	EndGlobalSection
EndGlobal
